
Microsoft Visual Studio Solution File, Format Version 12.00
# Visual Studio Version 16
VisualStudioVersion = 16.0.30114.105
MinimumVisualStudioVersion = 10.0.40219.1
Project("{2150E333-8FDC-42A3-9474-1A3956D46DE8}") = "IdentityServer", "IdentityServer", "{6CEA6744-E257-4752-9567-67F9AD5C7D0E}"
EndProject
Project("{FAE04EC0-301F-11D3-BF4B-00C04F79EFBC}") = "IdentityServer", "IdentityServer\IdentityServer\IdentityServer.csproj", "{638733B1-7476-41C7-A6CE-0752D55C79FB}"
EndProject
Project("{FAE04EC0-301F-11D3-BF4B-00C04F79EFBC}") = "ApiOne", "IdentityServer\ApiOne\ApiOne.csproj", "{74D79840-8B57-4AC3-B76B-FC761C4BD8AB}"
EndProject
Project("{FAE04EC0-301F-11D3-BF4B-00C04F79EFBC}") = "ApiTwo", "IdentityServer\ApiTwo\ApiTwo.csproj", "{99976323-C486-4115-930A-505B40E0CA16}"
EndProject
Project("{FAE04EC0-301F-11D3-BF4B-00C04F79EFBC}") = "MvcClient", "IdentityServer\MvcClient\MvcClient.csproj", "{AC2513BE-8309-4197-8F40-32D871F135AE}"
EndProject
Global
	GlobalSection(SolutionConfigurationPlatforms) = preSolution
		Debug|Any CPU = Debug|Any CPU
		Debug|x64 = Debug|x64
		Debug|x86 = Debug|x86
		Release|Any CPU = Release|Any CPU
		Release|x64 = Release|x64
		Release|x86 = Release|x86
	EndGlobalSection
	GlobalSection(SolutionProperties) = preSolution
		HideSolutionNode = FALSE
	EndGlobalSection
	GlobalSection(ProjectConfigurationPlatforms) = postSolution
		{638733B1-7476-41C7-A6CE-0752D55C79FB}.Debug|Any CPU.ActiveCfg = Debug|Any CPU
		{638733B1-7476-41C7-A6CE-0752D55C79FB}.Debug|Any CPU.Build.0 = Debug|Any CPU
		{638733B1-7476-41C7-A6CE-0752D55C79FB}.Debug|x64.ActiveCfg = Debug|Any CPU
		{638733B1-7476-41C7-A6CE-0752D55C79FB}.Debug|x64.Build.0 = Debug|Any CPU
		{638733B1-7476-41C7-A6CE-0752D55C79FB}.Debug|x86.ActiveCfg = Debug|Any CPU
		{638733B1-7476-41C7-A6CE-0752D55C79FB}.Debug|x86.Build.0 = Debug|Any CPU
		{638733B1-7476-41C7-A6CE-0752D55C79FB}.Release|Any CPU.ActiveCfg = Release|Any CPU
		{638733B1-7476-41C7-A6CE-0752D55C79FB}.Release|Any CPU.Build.0 = Release|Any CPU
		{638733B1-7476-41C7-A6CE-0752D55C79FB}.Release|x64.ActiveCfg = Release|Any CPU
		{638733B1-7476-41C7-A6CE-0752D55C79FB}.Release|x64.Build.0 = Release|Any CPU
		{638733B1-7476-41C7-A6CE-0752D55C79FB}.Release|x86.ActiveCfg = Release|Any CPU
		{638733B1-7476-41C7-A6CE-0752D55C79FB}.Release|x86.Build.0 = Release|Any CPU
		{74D79840-8B57-4AC3-B76B-FC761C4BD8AB}.Debug|Any CPU.ActiveCfg = Debug|Any CPU
		{74D79840-8B57-4AC3-B76B-FC761C4BD8AB}.Debug|Any CPU.Build.0 = Debug|Any CPU
		{74D79840-8B57-4AC3-B76B-FC761C4BD8AB}.Debug|x64.ActiveCfg = Debug|Any CPU
		{74D79840-8B57-4AC3-B76B-FC761C4BD8AB}.Debug|x64.Build.0 = Debug|Any CPU
		{74D79840-8B57-4AC3-B76B-FC761C4BD8AB}.Debug|x86.ActiveCfg = Debug|Any CPU
		{74D79840-8B57-4AC3-B76B-FC761C4BD8AB}.Debug|x86.Build.0 = Debug|Any CPU
		{74D79840-8B57-4AC3-B76B-FC761C4BD8AB}.Release|Any CPU.ActiveCfg = Release|Any CPU
		{74D79840-8B57-4AC3-B76B-FC761C4BD8AB}.Release|Any CPU.Build.0 = Release|Any CPU
		{74D79840-8B57-4AC3-B76B-FC761C4BD8AB}.Release|x64.ActiveCfg = Release|Any CPU
		{74D79840-8B57-4AC3-B76B-FC761C4BD8AB}.Release|x64.Build.0 = Release|Any CPU
		{74D79840-8B57-4AC3-B76B-FC761C4BD8AB}.Release|x86.ActiveCfg = Release|Any CPU
		{74D79840-8B57-4AC3-B76B-FC761C4BD8AB}.Release|x86.Build.0 = Release|Any CPU
		{99976323-C486-4115-930A-505B40E0CA16}.Debug|Any CPU.ActiveCfg = Debug|Any CPU
		{99976323-C486-4115-930A-505B40E0CA16}.Debug|Any CPU.Build.0 = Debug|Any CPU
		{99976323-C486-4115-930A-505B40E0CA16}.Debug|x64.ActiveCfg = Debug|Any CPU
		{99976323-C486-4115-930A-505B40E0CA16}.Debug|x64.Build.0 = Debug|Any CPU
		{99976323-C486-4115-930A-505B40E0CA16}.Debug|x86.ActiveCfg = Debug|Any CPU
		{99976323-C486-4115-930A-505B40E0CA16}.Debug|x86.Build.0 = Debug|Any CPU
		{99976323-C486-4115-930A-505B40E0CA16}.Release|Any CPU.ActiveCfg = Release|Any CPU
		{99976323-C486-4115-930A-505B40E0CA16}.Release|Any CPU.Build.0 = Release|Any CPU
		{99976323-C486-4115-930A-505B40E0CA16}.Release|x64.ActiveCfg = Release|Any CPU
		{99976323-C486-4115-930A-505B40E0CA16}.Release|x64.Build.0 = Release|Any CPU
		{99976323-C486-4115-930A-505B40E0CA16}.Release|x86.ActiveCfg = Release|Any CPU
		{99976323-C486-4115-930A-505B40E0CA16}.Release|x86.Build.0 = Release|Any CPU
		{AC2513BE-8309-4197-8F40-32D871F135AE}.Debug|Any CPU.ActiveCfg = Debug|Any CPU
		{AC2513BE-8309-4197-8F40-32D871F135AE}.Debug|Any CPU.Build.0 = Debug|Any CPU
		{AC2513BE-8309-4197-8F40-32D871F135AE}.Debug|x64.ActiveCfg = Debug|Any CPU
		{AC2513BE-8309-4197-8F40-32D871F135AE}.Debug|x64.Build.0 = Debug|Any CPU
		{AC2513BE-8309-4197-8F40-32D871F135AE}.Debug|x86.ActiveCfg = Debug|Any CPU
		{AC2513BE-8309-4197-8F40-32D871F135AE}.Debug|x86.Build.0 = Debug|Any CPU
		{AC2513BE-8309-4197-8F40-32D871F135AE}.Release|Any CPU.ActiveCfg = Release|Any CPU
		{AC2513BE-8309-4197-8F40-32D871F135AE}.Release|Any CPU.Build.0 = Release|Any CPU
		{AC2513BE-8309-4197-8F40-32D871F135AE}.Release|x64.ActiveCfg = Release|Any CPU
		{AC2513BE-8309-4197-8F40-32D871F135AE}.Release|x64.Build.0 = Release|Any CPU
		{AC2513BE-8309-4197-8F40-32D871F135AE}.Release|x86.ActiveCfg = Release|Any CPU
		{AC2513BE-8309-4197-8F40-32D871F135AE}.Release|x86.Build.0 = Release|Any CPU
	EndGlobalSection
	GlobalSection(NestedProjects) = preSolution
		{638733B1-7476-41C7-A6CE-0752D55C79FB} = {6CEA6744-E257-4752-9567-67F9AD5C7D0E}
		{74D79840-8B57-4AC3-B76B-FC761C4BD8AB} = {6CEA6744-E257-4752-9567-67F9AD5C7D0E}
		{99976323-C486-4115-930A-505B40E0CA16} = {6CEA6744-E257-4752-9567-67F9AD5C7D0E}
		{AC2513BE-8309-4197-8F40-32D871F135AE} = {6CEA6744-E257-4752-9567-67F9AD5C7D0E}
	EndGlobalSection
EndGlobal
